
Microsoft Visual Studio Solution File, Format Version 12.00
# Visual Studio Version 17
VisualStudioVersion = 17.5.33424.131
MinimumVisualStudioVersion = 10.0.40219.1
Project("{FAE04EC0-301F-11D3-BF4B-00C04F79EFBC}") = "RESTClient", "TD2\RESTClient.csproj", "{986F003E-5FA5-4A4B-8919-E0CDBF117AE7}"
EndProject
Project("{FAE04EC0-301F-11D3-BF4B-00C04F79EFBC}") = "WS-SOAPClient", "WS-SOAPClient\WS-SOAPClient.csproj", "{BAC67BF0-1C11-4963-B870-E81DF4328B93}"
EndProject
Global
	GlobalSection(SolutionConfigurationPlatforms) = preSolution
		Debug|Any CPU = Debug|Any CPU
		Release|Any CPU = Release|Any CPU
	EndGlobalSection
	GlobalSection(ProjectConfigurationPlatforms) = postSolution
		{986F003E-5FA5-4A4B-8919-E0CDBF117AE7}.Debug|Any CPU.ActiveCfg = Debug|Any CPU
		{986F003E-5FA5-4A4B-8919-E0CDBF117AE7}.Debug|Any CPU.Build.0 = Debug|Any CPU
		{986F003E-5FA5-4A4B-8919-E0CDBF117AE7}.Release|Any CPU.ActiveCfg = Release|Any CPU
		{986F003E-5FA5-4A4B-8919-E0CDBF117AE7}.Release|Any CPU.Build.0 = Release|Any CPU
		{BAC67BF0-1C11-4963-B870-E81DF4328B93}.Debug|Any CPU.ActiveCfg = Debug|Any CPU
		{BAC67BF0-1C11-4963-B870-E81DF4328B93}.Debug|Any CPU.Build.0 = Debug|Any CPU
		{BAC67BF0-1C11-4963-B870-E81DF4328B93}.Release|Any CPU.ActiveCfg = Release|Any CPU
		{BAC67BF0-1C11-4963-B870-E81DF4328B93}.Release|Any CPU.Build.0 = Release|Any CPU
	EndGlobalSection
	GlobalSection(SolutionProperties) = preSolution
		HideSolutionNode = FALSE
	EndGlobalSection
	GlobalSection(ExtensibilityGlobals) = postSolution
		SolutionGuid = {B62A04A6-CCA0-4323-A513-5A4091C96751}
	EndGlobalSection
EndGlobal
